
Microsoft Visual Studio Solution File, Format Version 12.00
# Visual Studio Version 17
VisualStudioVersion = 17.10.34928.147
MinimumVisualStudioVersion = 10.0.40219.1
Project("{FAE04EC0-301F-11D3-BF4B-00C04F79EFBC}") = "DesktopRecording", "DesktopRecording.csproj", "{326B49AA-AC30-4683-8853-3176D174E669}"
EndProject
Global
	GlobalSection(SolutionConfigurationPlatforms) = preSolution
		Debug|Any CPU = Debug|Any CPU
		Release|Any CPU = Release|Any CPU
	EndGlobalSection
	GlobalSection(ProjectConfigurationPlatforms) = postSolution
		{326B49AA-AC30-4683-8853-3176D174E669}.Debug|Any CPU.ActiveCfg = Debug|Any CPU
		{326B49AA-AC30-4683-8853-3176D174E669}.Debug|Any CPU.Build.0 = Debug|Any CPU
		{326B49AA-AC30-4683-8853-3176D174E669}.Release|Any CPU.ActiveCfg = Release|Any CPU
		{326B49AA-AC30-4683-8853-3176D174E669}.Release|Any CPU.Build.0 = Release|Any CPU
	EndGlobalSection
	GlobalSection(SolutionProperties) = preSolution
		HideSolutionNode = FALSE
	EndGlobalSection
	GlobalSection(ExtensibilityGlobals) = postSolution
		SolutionGuid = {DCE85DE8-5E91-46FF-B42C-9236FF0FB9EC}
	EndGlobalSection
EndGlobal
